
Microsoft Visual Studio Solution File, Format Version 12.00
# Visual Studio 15
Project("{FAE04EC0-301F-11D3-BF4B-00C04F79EFBC}") = "fileEnter", "fileEnter.csproj", "{CA63AF95-5450-40F1-993F-8126E1A25602}"
EndProject
Project("{FAE04EC0-301F-11D3-BF4B-00C04F79EFBC}") = "fileEnter.Tests", "fileEnter.Tests\fileEnter.Tests.csproj", "{9CBF3A1C-3B85-406B-B686-6A577DA580B6}"
EndProject
Global
	GlobalSection(SolutionConfigurationPlatforms) = preSolution
		Debug|Any CPU = Debug|Any CPU
		Release|Any CPU = Release|Any CPU
	EndGlobalSection
	GlobalSection(ProjectConfigurationPlatforms) = postSolution
		{CA63AF95-5450-40F1-993F-8126E1A25602}.Debug|Any CPU.ActiveCfg = Debug|Any CPU
		{CA63AF95-5450-40F1-993F-8126E1A25602}.Debug|Any CPU.Build.0 = Debug|Any CPU
		{CA63AF95-5450-40F1-993F-8126E1A25602}.Release|Any CPU.ActiveCfg = Release|Any CPU
		{CA63AF95-5450-40F1-993F-8126E1A25602}.Release|Any CPU.Build.0 = Release|Any CPU
		{9CBF3A1C-3B85-406B-B686-6A577DA580B6}.Debug|Any CPU.ActiveCfg = Debug|Any CPU
		{9CBF3A1C-3B85-406B-B686-6A577DA580B6}.Debug|Any CPU.Build.0 = Debug|Any CPU
		{9CBF3A1C-3B85-406B-B686-6A577DA580B6}.Release|Any CPU.ActiveCfg = Release|Any CPU
		{9CBF3A1C-3B85-406B-B686-6A577DA580B6}.Release|Any CPU.Build.0 = Release|Any CPU
	EndGlobalSection
EndGlobal
