
Microsoft Visual Studio Solution File, Format Version 12.00
# Visual Studio 15
Project("{FAE04EC0-301F-11D3-BF4B-00C04F79EFBC}") = "DropDownList", "DropDownList.csproj", "{7BC100DF-84B4-4872-B114-3A3AA9A5A208}"
EndProject
Project("{FAE04EC0-301F-11D3-BF4B-00C04F79EFBC}") = "DropDownList.Tests", "DropDownList.Tests\DropDownList.Tests.csproj", "{9DB76F12-F20D-43E3-B41D-798A9E802356}"
EndProject
Global
	GlobalSection(SolutionConfigurationPlatforms) = preSolution
		Debug|Any CPU = Debug|Any CPU
		Release|Any CPU = Release|Any CPU
	EndGlobalSection
	GlobalSection(ProjectConfigurationPlatforms) = postSolution
		{7BC100DF-84B4-4872-B114-3A3AA9A5A208}.Debug|Any CPU.ActiveCfg = Debug|Any CPU
		{7BC100DF-84B4-4872-B114-3A3AA9A5A208}.Debug|Any CPU.Build.0 = Debug|Any CPU
		{7BC100DF-84B4-4872-B114-3A3AA9A5A208}.Release|Any CPU.ActiveCfg = Release|Any CPU
		{7BC100DF-84B4-4872-B114-3A3AA9A5A208}.Release|Any CPU.Build.0 = Release|Any CPU
		{9DB76F12-F20D-43E3-B41D-798A9E802356}.Debug|Any CPU.ActiveCfg = Debug|Any CPU
		{9DB76F12-F20D-43E3-B41D-798A9E802356}.Debug|Any CPU.Build.0 = Debug|Any CPU
		{9DB76F12-F20D-43E3-B41D-798A9E802356}.Release|Any CPU.ActiveCfg = Release|Any CPU
		{9DB76F12-F20D-43E3-B41D-798A9E802356}.Release|Any CPU.Build.0 = Release|Any CPU
	EndGlobalSection
EndGlobal
